Microsoft Visual Studio Solution File, Format Version 12.00
# Visual Studio Version 17
VisualStudioVersion = 17.0.31611.283
MinimumVisualStudioVersion = 10.0.40219.1
Project("{2150E333-8FDC-42A3-9474-1A3956D46DE8}") = "Apps", "Apps", "{B90DC3A8-FC37-4162-9714-7460BF71F606}"
EndProject
Project("{9A19103F-16F7-4668-BE54-9A1E7A4F7556}") = "HotfixMods.Apps.Desktop", "HotfixMods.Apps.Desktop\HotfixMods.Apps.Desktop.csproj", "{9D82ECCA-2464-47B8-AE9C-75690B151FA6}"
EndProject
Project("{2150E333-8FDC-42A3-9474-1A3956D46DE8}") = "Providers", "Providers", "{F3BD9CB8-05D3-4938-98D4-644EF048FD91}"
EndProject
Project("{9A19103F-16F7-4668-BE54-9A1E7A4F7556}") = "HotfixMods.Infrastructure", "HotfixMods.Infrastructure\HotfixMods.Infrastructure.csproj", "{5869520A-CC57-49FF-A428-808D9B27FB0C}"
EndProject
Project("{9A19103F-16F7-4668-BE54-9A1E7A4F7556}") = "HotfixMods.Core", "HotfixMods.Core\HotfixMods.Core.csproj", "{F2E7D90C-DB58-4E22-97B4-DF67B8B37182}"
EndProject
Project("{9A19103F-16F7-4668-BE54-9A1E7A4F7556}") = "HotfixMods.Infrastructure.Razor", "HotfixMods.Infrastructure.Razor\HotfixMods.Infrastructure.Razor.csproj", "{E8E65B1B-01AF-4CAF-9DBF-D674959E11E1}"
EndProject
Project("{9A19103F-16F7-4668-BE54-9A1E7A4F7556}") = "HotfixMods.Db2Provider.WowToolsFiles", "HotfixMods.Db2Provider.WowToolsFiles\HotfixMods.Db2Provider.WowToolsFiles.csproj", "{06152D6A-03F2-4C5B-8A6D-99F8A124159C}"
EndProject
Project("{9A19103F-16F7-4668-BE54-9A1E7A4F7556}") = "HotfixMods.MySqlProvider.EntityFrameworkCore", "HotfixMods.MySqlProvider.EntityFrameworkCore\HotfixMods.MySqlProvider.EntityFrameworkCore.csproj", "{D11D811A-42B4-4347-831C-25AF291AC783}"
EndProject
Project("{9A19103F-16F7-4668-BE54-9A1E7A4F7556}") = "HotfixMods.Apps.Console", "HotfixMods.Apps.Console\HotfixMods.Apps.Console.csproj", "{A1ECFB7F-CC55-49C0-9107-A21F823F6453}"
EndProject
Project("{9A19103F-16F7-4668-BE54-9A1E7A4F7556}") = "HotfixMods.MySqlProvider.Debug", "HotfixMods.MySqlProvider.Debug\HotfixMods.MySqlProvider.Debug.csproj", "{E435AA92-2428-4BB2-B111-8CAF9EE866D0}"
EndProject
Project("{9A19103F-16F7-4668-BE54-9A1E7A4F7556}") = "HotfixMods.Dev", "HotfixMods.Dev\HotfixMods.Dev.csproj", "{87AF0BDE-710E-4EAD-90F2-E7218DD6C550}"
EndProject
Project("{9A19103F-16F7-4668-BE54-9A1E7A4F7556}") = "HotfixMods.Providers.MySql.MySqlConnector", "HotfixMods.Providers.MySql.MySqlConnector\HotfixMods.Providers.MySql.MySqlConnector.csproj", "{0808E9C4-0264-448F-A8F0-B1611F9C6E14}"
EndProject
Project("{9A19103F-16F7-4668-BE54-9A1E7A4F7556}") = "HotfixMods.Providers.Db2.WoWDev", "HotfixMods.Providers.Db2.WoWDev\HotfixMods.Providers.Db2.WoWDev.csproj", "{86727149-09A1-4232-93CC-B389AAFC8978}"
EndProject
Global
	GlobalSection(SolutionConfigurationPlatforms) = preSolution
		Debug|Any CPU = Debug|Any CPU
		Release|Any CPU = Release|Any CPU
	EndGlobalSection
	GlobalSection(ProjectConfigurationPlatforms) = postSolution
		{9D82ECCA-2464-47B8-AE9C-75690B151FA6}.Debug|Any CPU.ActiveCfg = Debug|Any CPU
		{9D82ECCA-2464-47B8-AE9C-75690B151FA6}.Debug|Any CPU.Build.0 = Debug|Any CPU
		{9D82ECCA-2464-47B8-AE9C-75690B151FA6}.Debug|Any CPU.Deploy.0 = Debug|Any CPU
		{9D82ECCA-2464-47B8-AE9C-75690B151FA6}.Release|Any CPU.ActiveCfg = Release|Any CPU
		{9D82ECCA-2464-47B8-AE9C-75690B151FA6}.Release|Any CPU.Build.0 = Release|Any CPU
		{9D82ECCA-2464-47B8-AE9C-75690B151FA6}.Release|Any CPU.Deploy.0 = Release|Any CPU
		{5869520A-CC57-49FF-A428-808D9B27FB0C}.Debug|Any CPU.ActiveCfg = Debug|Any CPU
		{5869520A-CC57-49FF-A428-808D9B27FB0C}.Debug|Any CPU.Build.0 = Debug|Any CPU
		{5869520A-CC57-49FF-A428-808D9B27FB0C}.Release|Any CPU.ActiveCfg = Release|Any CPU
		{5869520A-CC57-49FF-A428-808D9B27FB0C}.Release|Any CPU.Build.0 = Release|Any CPU
		{F2E7D90C-DB58-4E22-97B4-DF67B8B37182}.Debug|Any CPU.ActiveCfg = Debug|Any CPU
		{F2E7D90C-DB58-4E22-97B4-DF67B8B37182}.Debug|Any CPU.Build.0 = Debug|Any CPU
		{F2E7D90C-DB58-4E22-97B4-DF67B8B37182}.Release|Any CPU.ActiveCfg = Release|Any CPU
		{F2E7D90C-DB58-4E22-97B4-DF67B8B37182}.Release|Any CPU.Build.0 = Release|Any CPU
		{E8E65B1B-01AF-4CAF-9DBF-D674959E11E1}.Debug|Any CPU.ActiveCfg = Debug|Any CPU
		{E8E65B1B-01AF-4CAF-9DBF-D674959E11E1}.Debug|Any CPU.Build.0 = Debug|Any CPU
		{E8E65B1B-01AF-4CAF-9DBF-D674959E11E1}.Release|Any CPU.ActiveCfg = Release|Any CPU
		{E8E65B1B-01AF-4CAF-9DBF-D674959E11E1}.Release|Any CPU.Build.0 = Release|Any CPU
		{06152D6A-03F2-4C5B-8A6D-99F8A124159C}.Debug|Any CPU.ActiveCfg = Debug|Any CPU
		{06152D6A-03F2-4C5B-8A6D-99F8A124159C}.Debug|Any CPU.Build.0 = Debug|Any CPU
		{06152D6A-03F2-4C5B-8A6D-99F8A124159C}.Release|Any CPU.ActiveCfg = Release|Any CPU
		{06152D6A-03F2-4C5B-8A6D-99F8A124159C}.Release|Any CPU.Build.0 = Release|Any CPU
		{D11D811A-42B4-4347-831C-25AF291AC783}.Debug|Any CPU.ActiveCfg = Debug|Any CPU
		{D11D811A-42B4-4347-831C-25AF291AC783}.Debug|Any CPU.Build.0 = Debug|Any CPU
		{D11D811A-42B4-4347-831C-25AF291AC783}.Release|Any CPU.ActiveCfg = Release|Any CPU
		{D11D811A-42B4-4347-831C-25AF291AC783}.Release|Any CPU.Build.0 = Release|Any CPU
		{A1ECFB7F-CC55-49C0-9107-A21F823F6453}.Debug|Any CPU.ActiveCfg = Debug|Any CPU
		{A1ECFB7F-CC55-49C0-9107-A21F823F6453}.Debug|Any CPU.Build.0 = Debug|Any CPU
		{A1ECFB7F-CC55-49C0-9107-A21F823F6453}.Release|Any CPU.ActiveCfg = Release|Any CPU
		{A1ECFB7F-CC55-49C0-9107-A21F823F6453}.Release|Any CPU.Build.0 = Release|Any CPU
		{E435AA92-2428-4BB2-B111-8CAF9EE866D0}.Debug|Any CPU.ActiveCfg = Debug|Any CPU
		{E435AA92-2428-4BB2-B111-8CAF9EE866D0}.Debug|Any CPU.Build.0 = Debug|Any CPU
		{E435AA92-2428-4BB2-B111-8CAF9EE866D0}.Release|Any CPU.ActiveCfg = Release|Any CPU
		{E435AA92-2428-4BB2-B111-8CAF9EE866D0}.Release|Any CPU.Build.0 = Release|Any CPU
		{87AF0BDE-710E-4EAD-90F2-E7218DD6C550}.Debug|Any CPU.ActiveCfg = Debug|Any CPU
		{87AF0BDE-710E-4EAD-90F2-E7218DD6C550}.Debug|Any CPU.Build.0 = Debug|Any CPU
		{87AF0BDE-710E-4EAD-90F2-E7218DD6C550}.Release|Any CPU.ActiveCfg = Release|Any CPU
		{87AF0BDE-710E-4EAD-90F2-E7218DD6C550}.Release|Any CPU.Build.0 = Release|Any CPU
		{0808E9C4-0264-448F-A8F0-B1611F9C6E14}.Debug|Any CPU.ActiveCfg = Debug|Any CPU
		{0808E9C4-0264-448F-A8F0-B1611F9C6E14}.Debug|Any CPU.Build.0 = Debug|Any CPU
		{0808E9C4-0264-448F-A8F0-B1611F9C6E14}.Release|Any CPU.ActiveCfg = Release|Any CPU
		{0808E9C4-0264-448F-A8F0-B1611F9C6E14}.Release|Any CPU.Build.0 = Release|Any CPU
		{86727149-09A1-4232-93CC-B389AAFC8978}.Debug|Any CPU.ActiveCfg = Debug|Any CPU
		{86727149-09A1-4232-93CC-B389AAFC8978}.Debug|Any CPU.Build.0 = Debug|Any CPU
		{86727149-09A1-4232-93CC-B389AAFC8978}.Release|Any CPU.ActiveCfg = Release|Any CPU
		{86727149-09A1-4232-93CC-B389AAFC8978}.Release|Any CPU.Build.0 = Release|Any CPU
	EndGlobalSection
	GlobalSection(SolutionProperties) = preSolution
		HideSolutionNode = FALSE
	EndGlobalSection
	GlobalSection(NestedProjects) = preSolution
		{9D82ECCA-2464-47B8-AE9C-75690B151FA6} = {B90DC3A8-FC37-4162-9714-7460BF71F606}
		{06152D6A-03F2-4C5B-8A6D-99F8A124159C} = {F3BD9CB8-05D3-4938-98D4-644EF048FD91}
		{D11D811A-42B4-4347-831C-25AF291AC783} = {F3BD9CB8-05D3-4938-98D4-644EF048FD91}
		{A1ECFB7F-CC55-49C0-9107-A21F823F6453} = {B90DC3A8-FC37-4162-9714-7460BF71F606}
		{E435AA92-2428-4BB2-B111-8CAF9EE866D0} = {F3BD9CB8-05D3-4938-98D4-644EF048FD91}
		{0808E9C4-0264-448F-A8F0-B1611F9C6E14} = {F3BD9CB8-05D3-4938-98D4-644EF048FD91}
		{86727149-09A1-4232-93CC-B389AAFC8978} = {F3BD9CB8-05D3-4938-98D4-644EF048FD91}
	EndGlobalSection
	GlobalSection(ExtensibilityGlobals) = postSolution
		SolutionGuid = {61F7FB11-1E47-470C-91E2-47F8143E1572}
	EndGlobalSection
EndGlobal
