Microsoft Visual Studio Solution File, Format Version 12.00
# Visual Studio Version 17
VisualStudioVersion = 17.0.31611.283
MinimumVisualStudioVersion = 10.0.40219.1
Project("{2150E333-8FDC-42A3-9474-1A3956D46DE8}") = "Apps", "Apps", "{B90DC3A8-FC37-4162-9714-7460BF71F606}"
EndProject
Project("{9A19103F-16F7-4668-BE54-9A1E7A4F7556}") = "HotfixMods.Apps.Desktop", "HotfixMods.Apps.Desktop\HotfixMods.Apps.Desktop.csproj", "{9D82ECCA-2464-47B8-AE9C-75690B151FA6}"
EndProject
Project("{9A19103F-16F7-4668-BE54-9A1E7A4F7556}") = "HotfixMods.Infrastructure", "HotfixMods.Infrastructure\HotfixMods.Infrastructure.csproj", "{5869520A-CC57-49FF-A428-808D9B27FB0C}"
EndProject
Project("{9A19103F-16F7-4668-BE54-9A1E7A4F7556}") = "HotfixMods.Core", "HotfixMods.Core\HotfixMods.Core.csproj", "{F2E7D90C-DB58-4E22-97B4-DF67B8B37182}"
EndProject
Project("{9A19103F-16F7-4668-BE54-9A1E7A4F7556}") = "HotfixMods.Infrastructure.Razor", "HotfixMods.Infrastructure.Razor\HotfixMods.Infrastructure.Razor.csproj", "{E8E65B1B-01AF-4CAF-9DBF-D674959E11E1}"
EndProject
Project("{9A19103F-16F7-4668-BE54-9A1E7A4F7556}") = "HotfixMods.Apps.Console", "HotfixMods.Apps.Console\HotfixMods.Apps.Console.csproj", "{A1ECFB7F-CC55-49C0-9107-A21F823F6453}"
EndProject
Project("{9A19103F-16F7-4668-BE54-9A1E7A4F7556}") = "HotfixMods.Dev", "HotfixMods.Dev\HotfixMods.Dev.csproj", "{87AF0BDE-710E-4EAD-90F2-E7218DD6C550}"
EndProject
Project("{2150E333-8FDC-42A3-9474-1A3956D46DE8}") = "Infrastructure", "Infrastructure", "{18C44F9A-9533-48CE-9161-823B458141BB}"
EndProject
Project("{9A19103F-16F7-4668-BE54-9A1E7A4F7556}") = "HotfixMods.Infrastructure", "Infrastructure\HotfixMods.Infrastructure\HotfixMods.Infrastructure.csproj", "{FC9DB9DC-839D-4BCC-B6B6-3685DBB8FE74}"
EndProject
Project("{2150E333-8FDC-42A3-9474-1A3956D46DE8}") = "Core", "Core", "{71A06CC0-084C-4C01-87FB-E3736209A1A2}"
EndProject
Project("{9A19103F-16F7-4668-BE54-9A1E7A4F7556}") = "HotfixMods.Core", "Core\HotfixMods.Core\HotfixMods.Core.csproj", "{59C6B5E1-CF93-4565-83EC-E0965E2CBF66}"
EndProject
Project("{2150E333-8FDC-42A3-9474-1A3956D46DE8}") = "Providers", "Providers", "{78E5019C-66C8-4F27-BA92-F5FB60B699B2}"
EndProject
Project("{9A19103F-16F7-4668-BE54-9A1E7A4F7556}") = "HotfixMods.Providers.MySqlConnector", "Providers\HotfixMods.Providers.MySqlConnector\HotfixMods.Providers.MySqlConnector.csproj", "{EDA7FAB2-BD7D-46E1-95D7-9E9078031903}"
EndProject
Project("{9A19103F-16F7-4668-BE54-9A1E7A4F7556}") = "HotfixMods.Providers.WowDev", "Providers\HotfixMods.Providers.WowDev\HotfixMods.Providers.WowDev.csproj", "{C6B4FEB3-98A5-4145-9D0E-DE2CA68A7C90}"
EndProject
Project("{2150E333-8FDC-42A3-9474-1A3956D46DE8}") = "Dev", "Dev", "{C21014FC-9C7F-4303-B841-E3E936F3C626}"
EndProject
Project("{9A19103F-16F7-4668-BE54-9A1E7A4F7556}") = "HotfixMods.Dev", "Dev\HotfixMods.Dev\HotfixMods.Dev.csproj", "{1C0F00CC-3E85-4CEA-B81A-00B54D1D154A}"
EndProject
Project("{FAE04EC0-301F-11D3-BF4B-00C04F79EFBC}") = "HotfixMods.Infrastructure.Blazor", "HotfixMods.Infrastructure.Blazor\HotfixMods.Infrastructure.Blazor.csproj", "{B3A159AC-B948-48A2-AE5C-792478B1237C}"
EndProject
Global
	GlobalSection(SolutionConfigurationPlatforms) = preSolution
		Debug|Any CPU = Debug|Any CPU
		Release|Any CPU = Release|Any CPU
	EndGlobalSection
	GlobalSection(ProjectConfigurationPlatforms) = postSolution
		{9D82ECCA-2464-47B8-AE9C-75690B151FA6}.Debug|Any CPU.ActiveCfg = Debug|Any CPU
		{9D82ECCA-2464-47B8-AE9C-75690B151FA6}.Debug|Any CPU.Build.0 = Debug|Any CPU
		{9D82ECCA-2464-47B8-AE9C-75690B151FA6}.Debug|Any CPU.Deploy.0 = Debug|Any CPU
		{9D82ECCA-2464-47B8-AE9C-75690B151FA6}.Release|Any CPU.ActiveCfg = Release|Any CPU
		{9D82ECCA-2464-47B8-AE9C-75690B151FA6}.Release|Any CPU.Build.0 = Release|Any CPU
		{9D82ECCA-2464-47B8-AE9C-75690B151FA6}.Release|Any CPU.Deploy.0 = Release|Any CPU
		{5869520A-CC57-49FF-A428-808D9B27FB0C}.Debug|Any CPU.ActiveCfg = Debug|Any CPU
		{5869520A-CC57-49FF-A428-808D9B27FB0C}.Debug|Any CPU.Build.0 = Debug|Any CPU
		{5869520A-CC57-49FF-A428-808D9B27FB0C}.Release|Any CPU.ActiveCfg = Release|Any CPU
		{5869520A-CC57-49FF-A428-808D9B27FB0C}.Release|Any CPU.Build.0 = Release|Any CPU
		{F2E7D90C-DB58-4E22-97B4-DF67B8B37182}.Debug|Any CPU.ActiveCfg = Debug|Any CPU
		{F2E7D90C-DB58-4E22-97B4-DF67B8B37182}.Debug|Any CPU.Build.0 = Debug|Any CPU
		{F2E7D90C-DB58-4E22-97B4-DF67B8B37182}.Release|Any CPU.ActiveCfg = Release|Any CPU
		{F2E7D90C-DB58-4E22-97B4-DF67B8B37182}.Release|Any CPU.Build.0 = Release|Any CPU
		{E8E65B1B-01AF-4CAF-9DBF-D674959E11E1}.Debug|Any CPU.ActiveCfg = Debug|Any CPU
		{E8E65B1B-01AF-4CAF-9DBF-D674959E11E1}.Debug|Any CPU.Build.0 = Debug|Any CPU
		{E8E65B1B-01AF-4CAF-9DBF-D674959E11E1}.Release|Any CPU.ActiveCfg = Release|Any CPU
		{E8E65B1B-01AF-4CAF-9DBF-D674959E11E1}.Release|Any CPU.Build.0 = Release|Any CPU
		{A1ECFB7F-CC55-49C0-9107-A21F823F6453}.Debug|Any CPU.ActiveCfg = Debug|Any CPU
		{A1ECFB7F-CC55-49C0-9107-A21F823F6453}.Debug|Any CPU.Build.0 = Debug|Any CPU
		{A1ECFB7F-CC55-49C0-9107-A21F823F6453}.Release|Any CPU.ActiveCfg = Release|Any CPU
		{A1ECFB7F-CC55-49C0-9107-A21F823F6453}.Release|Any CPU.Build.0 = Release|Any CPU
		{87AF0BDE-710E-4EAD-90F2-E7218DD6C550}.Debug|Any CPU.ActiveCfg = Debug|Any CPU
		{87AF0BDE-710E-4EAD-90F2-E7218DD6C550}.Debug|Any CPU.Build.0 = Debug|Any CPU
		{87AF0BDE-710E-4EAD-90F2-E7218DD6C550}.Release|Any CPU.ActiveCfg = Release|Any CPU
		{87AF0BDE-710E-4EAD-90F2-E7218DD6C550}.Release|Any CPU.Build.0 = Release|Any CPU
		{FC9DB9DC-839D-4BCC-B6B6-3685DBB8FE74}.Debug|Any CPU.ActiveCfg = Debug|Any CPU
		{FC9DB9DC-839D-4BCC-B6B6-3685DBB8FE74}.Debug|Any CPU.Build.0 = Debug|Any CPU
		{FC9DB9DC-839D-4BCC-B6B6-3685DBB8FE74}.Release|Any CPU.ActiveCfg = Release|Any CPU
		{FC9DB9DC-839D-4BCC-B6B6-3685DBB8FE74}.Release|Any CPU.Build.0 = Release|Any CPU
		{59C6B5E1-CF93-4565-83EC-E0965E2CBF66}.Debug|Any CPU.ActiveCfg = Debug|Any CPU
		{59C6B5E1-CF93-4565-83EC-E0965E2CBF66}.Debug|Any CPU.Build.0 = Debug|Any CPU
		{59C6B5E1-CF93-4565-83EC-E0965E2CBF66}.Release|Any CPU.ActiveCfg = Release|Any CPU
		{59C6B5E1-CF93-4565-83EC-E0965E2CBF66}.Release|Any CPU.Build.0 = Release|Any CPU
		{EDA7FAB2-BD7D-46E1-95D7-9E9078031903}.Debug|Any CPU.ActiveCfg = Debug|Any CPU
		{EDA7FAB2-BD7D-46E1-95D7-9E9078031903}.Debug|Any CPU.Build.0 = Debug|Any CPU
		{EDA7FAB2-BD7D-46E1-95D7-9E9078031903}.Release|Any CPU.ActiveCfg = Release|Any CPU
		{EDA7FAB2-BD7D-46E1-95D7-9E9078031903}.Release|Any CPU.Build.0 = Release|Any CPU
		{C6B4FEB3-98A5-4145-9D0E-DE2CA68A7C90}.Debug|Any CPU.ActiveCfg = Debug|Any CPU
		{C6B4FEB3-98A5-4145-9D0E-DE2CA68A7C90}.Debug|Any CPU.Build.0 = Debug|Any CPU
		{C6B4FEB3-98A5-4145-9D0E-DE2CA68A7C90}.Release|Any CPU.ActiveCfg = Release|Any CPU
		{C6B4FEB3-98A5-4145-9D0E-DE2CA68A7C90}.Release|Any CPU.Build.0 = Release|Any CPU
		{1C0F00CC-3E85-4CEA-B81A-00B54D1D154A}.Debug|Any CPU.ActiveCfg = Debug|Any CPU
		{1C0F00CC-3E85-4CEA-B81A-00B54D1D154A}.Debug|Any CPU.Build.0 = Debug|Any CPU
		{1C0F00CC-3E85-4CEA-B81A-00B54D1D154A}.Release|Any CPU.ActiveCfg = Release|Any CPU
		{1C0F00CC-3E85-4CEA-B81A-00B54D1D154A}.Release|Any CPU.Build.0 = Release|Any CPU
		{B3A159AC-B948-48A2-AE5C-792478B1237C}.Debug|Any CPU.ActiveCfg = Debug|Any CPU
		{B3A159AC-B948-48A2-AE5C-792478B1237C}.Debug|Any CPU.Build.0 = Debug|Any CPU
		{B3A159AC-B948-48A2-AE5C-792478B1237C}.Release|Any CPU.ActiveCfg = Release|Any CPU
		{B3A159AC-B948-48A2-AE5C-792478B1237C}.Release|Any CPU.Build.0 = Release|Any CPU
	EndGlobalSection
	GlobalSection(SolutionProperties) = preSolution
		HideSolutionNode = FALSE
	EndGlobalSection
	GlobalSection(NestedProjects) = preSolution
		{9D82ECCA-2464-47B8-AE9C-75690B151FA6} = {B90DC3A8-FC37-4162-9714-7460BF71F606}
		{A1ECFB7F-CC55-49C0-9107-A21F823F6453} = {B90DC3A8-FC37-4162-9714-7460BF71F606}
		{FC9DB9DC-839D-4BCC-B6B6-3685DBB8FE74} = {18C44F9A-9533-48CE-9161-823B458141BB}
		{59C6B5E1-CF93-4565-83EC-E0965E2CBF66} = {71A06CC0-084C-4C01-87FB-E3736209A1A2}
		{EDA7FAB2-BD7D-46E1-95D7-9E9078031903} = {78E5019C-66C8-4F27-BA92-F5FB60B699B2}
		{C6B4FEB3-98A5-4145-9D0E-DE2CA68A7C90} = {78E5019C-66C8-4F27-BA92-F5FB60B699B2}
		{1C0F00CC-3E85-4CEA-B81A-00B54D1D154A} = {C21014FC-9C7F-4303-B841-E3E936F3C626}
		{B3A159AC-B948-48A2-AE5C-792478B1237C} = {18C44F9A-9533-48CE-9161-823B458141BB}
	EndGlobalSection
	GlobalSection(ExtensibilityGlobals) = postSolution
		SolutionGuid = {61F7FB11-1E47-470C-91E2-47F8143E1572}
	EndGlobalSection
EndGlobal
