Microsoft Visual Studio Solution File, Format Version 12.00
# Visual Studio Version 17
VisualStudioVersion = 17.0.31611.283
MinimumVisualStudioVersion = 10.0.40219.1
Project("{2150E333-8FDC-42A3-9474-1A3956D46DE8}") = "Apps", "Apps", "{B90DC3A8-FC37-4162-9714-7460BF71F606}"
EndProject
Project("{2150E333-8FDC-42A3-9474-1A3956D46DE8}") = "Infrastructure", "Infrastructure", "{18C44F9A-9533-48CE-9161-823B458141BB}"
EndProject
Project("{9A19103F-16F7-4668-BE54-9A1E7A4F7556}") = "HotfixMods.Infrastructure", "Infrastructure\HotfixMods.Infrastructure\HotfixMods.Infrastructure.csproj", "{FC9DB9DC-839D-4BCC-B6B6-3685DBB8FE74}"
EndProject
Project("{2150E333-8FDC-42A3-9474-1A3956D46DE8}") = "Core", "Core", "{71A06CC0-084C-4C01-87FB-E3736209A1A2}"
EndProject
Project("{9A19103F-16F7-4668-BE54-9A1E7A4F7556}") = "HotfixMods.Core", "Core\HotfixMods.Core\HotfixMods.Core.csproj", "{59C6B5E1-CF93-4565-83EC-E0965E2CBF66}"
EndProject
Project("{2150E333-8FDC-42A3-9474-1A3956D46DE8}") = "Providers", "Providers", "{78E5019C-66C8-4F27-BA92-F5FB60B699B2}"
EndProject
Project("{9A19103F-16F7-4668-BE54-9A1E7A4F7556}") = "HotfixMods.Providers.MySqlConnector", "Providers\HotfixMods.Providers.MySqlConnector\HotfixMods.Providers.MySqlConnector.csproj", "{EDA7FAB2-BD7D-46E1-95D7-9E9078031903}"
EndProject
Project("{9A19103F-16F7-4668-BE54-9A1E7A4F7556}") = "HotfixMods.Providers.WowDev", "Providers\HotfixMods.Providers.WowDev\HotfixMods.Providers.WowDev.csproj", "{C6B4FEB3-98A5-4145-9D0E-DE2CA68A7C90}"
EndProject
Project("{2150E333-8FDC-42A3-9474-1A3956D46DE8}") = "Tools", "Tools", "{A3765169-5ADD-4807-9455-E24F3702CCB5}"
EndProject
Project("{9A19103F-16F7-4668-BE54-9A1E7A4F7556}") = "HotfixMods.Tools.Initializer", "Tools\HotfixMods.Tools.Initializer\HotfixMods.Tools.Initializer.csproj", "{57DEB2C9-E48B-4D0F-B031-1CA9955DD0EF}"
EndProject
Project("{9A19103F-16F7-4668-BE54-9A1E7A4F7556}") = "HotfixMods.Tools.Dev", "Tools\HotfixMods.Tools.Dev\HotfixMods.Tools.Dev.csproj", "{14D1E420-8229-4BD8-9AB9-6D9EEECBAB76}"
EndProject
Project("{9A19103F-16F7-4668-BE54-9A1E7A4F7556}") = "HotfixMods.Apps.Console", "Apps\HotfixMods.Apps.Console\HotfixMods.Apps.Console.csproj", "{2E2B2A5D-F5FD-4B78-B7B1-BE089584075D}"
EndProject
Project("{9A19103F-16F7-4668-BE54-9A1E7A4F7556}") = "HotfixMods.Apps.MauiBlazor", "Apps\HotfixMods.Apps.MauiBlazor\HotfixMods.Apps.MauiBlazor.csproj", "{616687E2-19C1-44ED-B245-121BFA49D413}"
EndProject
Project("{9A19103F-16F7-4668-BE54-9A1E7A4F7556}") = "HotfixMods.Infrastructure.Blazor", "Infrastructure\HotfixMods.Infrastructure.Blazor\HotfixMods.Infrastructure.Blazor.csproj", "{466B979A-529F-477C-9BC3-B9B03EB67A3E}"
EndProject
Project("{FAE04EC0-301F-11D3-BF4B-00C04F79EFBC}") = "HotfixMods.Providers.TrinityCore", "Providers\HotfixMods.Providers.TrinityCore\HotfixMods.Providers.TrinityCore.csproj", "{67BC2B32-BDA6-4FC7-B04A-8DA2E7B97A1E}"
EndProject
Global
	GlobalSection(SolutionConfigurationPlatforms) = preSolution
		Debug|Any CPU = Debug|Any CPU
		Release|Any CPU = Release|Any CPU
	EndGlobalSection
	GlobalSection(ProjectConfigurationPlatforms) = postSolution
		{FC9DB9DC-839D-4BCC-B6B6-3685DBB8FE74}.Debug|Any CPU.ActiveCfg = Debug|Any CPU
		{FC9DB9DC-839D-4BCC-B6B6-3685DBB8FE74}.Debug|Any CPU.Build.0 = Debug|Any CPU
		{FC9DB9DC-839D-4BCC-B6B6-3685DBB8FE74}.Release|Any CPU.ActiveCfg = Release|Any CPU
		{FC9DB9DC-839D-4BCC-B6B6-3685DBB8FE74}.Release|Any CPU.Build.0 = Release|Any CPU
		{59C6B5E1-CF93-4565-83EC-E0965E2CBF66}.Debug|Any CPU.ActiveCfg = Debug|Any CPU
		{59C6B5E1-CF93-4565-83EC-E0965E2CBF66}.Debug|Any CPU.Build.0 = Debug|Any CPU
		{59C6B5E1-CF93-4565-83EC-E0965E2CBF66}.Release|Any CPU.ActiveCfg = Release|Any CPU
		{59C6B5E1-CF93-4565-83EC-E0965E2CBF66}.Release|Any CPU.Build.0 = Release|Any CPU
		{EDA7FAB2-BD7D-46E1-95D7-9E9078031903}.Debug|Any CPU.ActiveCfg = Debug|Any CPU
		{EDA7FAB2-BD7D-46E1-95D7-9E9078031903}.Debug|Any CPU.Build.0 = Debug|Any CPU
		{EDA7FAB2-BD7D-46E1-95D7-9E9078031903}.Release|Any CPU.ActiveCfg = Release|Any CPU
		{EDA7FAB2-BD7D-46E1-95D7-9E9078031903}.Release|Any CPU.Build.0 = Release|Any CPU
		{C6B4FEB3-98A5-4145-9D0E-DE2CA68A7C90}.Debug|Any CPU.ActiveCfg = Debug|Any CPU
		{C6B4FEB3-98A5-4145-9D0E-DE2CA68A7C90}.Debug|Any CPU.Build.0 = Debug|Any CPU
		{C6B4FEB3-98A5-4145-9D0E-DE2CA68A7C90}.Release|Any CPU.ActiveCfg = Release|Any CPU
		{C6B4FEB3-98A5-4145-9D0E-DE2CA68A7C90}.Release|Any CPU.Build.0 = Release|Any CPU
		{57DEB2C9-E48B-4D0F-B031-1CA9955DD0EF}.Debug|Any CPU.ActiveCfg = Debug|Any CPU
		{57DEB2C9-E48B-4D0F-B031-1CA9955DD0EF}.Debug|Any CPU.Build.0 = Debug|Any CPU
		{57DEB2C9-E48B-4D0F-B031-1CA9955DD0EF}.Release|Any CPU.ActiveCfg = Release|Any CPU
		{57DEB2C9-E48B-4D0F-B031-1CA9955DD0EF}.Release|Any CPU.Build.0 = Release|Any CPU
		{14D1E420-8229-4BD8-9AB9-6D9EEECBAB76}.Debug|Any CPU.ActiveCfg = Debug|Any CPU
		{14D1E420-8229-4BD8-9AB9-6D9EEECBAB76}.Debug|Any CPU.Build.0 = Debug|Any CPU
		{14D1E420-8229-4BD8-9AB9-6D9EEECBAB76}.Release|Any CPU.ActiveCfg = Release|Any CPU
		{14D1E420-8229-4BD8-9AB9-6D9EEECBAB76}.Release|Any CPU.Build.0 = Release|Any CPU
		{2E2B2A5D-F5FD-4B78-B7B1-BE089584075D}.Debug|Any CPU.ActiveCfg = Debug|Any CPU
		{2E2B2A5D-F5FD-4B78-B7B1-BE089584075D}.Debug|Any CPU.Build.0 = Debug|Any CPU
		{2E2B2A5D-F5FD-4B78-B7B1-BE089584075D}.Release|Any CPU.ActiveCfg = Release|Any CPU
		{2E2B2A5D-F5FD-4B78-B7B1-BE089584075D}.Release|Any CPU.Build.0 = Release|Any CPU
		{616687E2-19C1-44ED-B245-121BFA49D413}.Debug|Any CPU.ActiveCfg = Debug|Any CPU
		{616687E2-19C1-44ED-B245-121BFA49D413}.Debug|Any CPU.Build.0 = Debug|Any CPU
		{616687E2-19C1-44ED-B245-121BFA49D413}.Debug|Any CPU.Deploy.0 = Debug|Any CPU
		{616687E2-19C1-44ED-B245-121BFA49D413}.Release|Any CPU.ActiveCfg = Release|Any CPU
		{616687E2-19C1-44ED-B245-121BFA49D413}.Release|Any CPU.Build.0 = Release|Any CPU
		{616687E2-19C1-44ED-B245-121BFA49D413}.Release|Any CPU.Deploy.0 = Release|Any CPU
		{466B979A-529F-477C-9BC3-B9B03EB67A3E}.Debug|Any CPU.ActiveCfg = Debug|Any CPU
		{466B979A-529F-477C-9BC3-B9B03EB67A3E}.Debug|Any CPU.Build.0 = Debug|Any CPU
		{466B979A-529F-477C-9BC3-B9B03EB67A3E}.Release|Any CPU.ActiveCfg = Release|Any CPU
		{466B979A-529F-477C-9BC3-B9B03EB67A3E}.Release|Any CPU.Build.0 = Release|Any CPU
		{67BC2B32-BDA6-4FC7-B04A-8DA2E7B97A1E}.Debug|Any CPU.ActiveCfg = Debug|Any CPU
		{67BC2B32-BDA6-4FC7-B04A-8DA2E7B97A1E}.Debug|Any CPU.Build.0 = Debug|Any CPU
		{67BC2B32-BDA6-4FC7-B04A-8DA2E7B97A1E}.Release|Any CPU.ActiveCfg = Release|Any CPU
		{67BC2B32-BDA6-4FC7-B04A-8DA2E7B97A1E}.Release|Any CPU.Build.0 = Release|Any CPU
	EndGlobalSection
	GlobalSection(SolutionProperties) = preSolution
		HideSolutionNode = FALSE
	EndGlobalSection
	GlobalSection(NestedProjects) = preSolution
		{FC9DB9DC-839D-4BCC-B6B6-3685DBB8FE74} = {18C44F9A-9533-48CE-9161-823B458141BB}
		{59C6B5E1-CF93-4565-83EC-E0965E2CBF66} = {71A06CC0-084C-4C01-87FB-E3736209A1A2}
		{EDA7FAB2-BD7D-46E1-95D7-9E9078031903} = {78E5019C-66C8-4F27-BA92-F5FB60B699B2}
		{C6B4FEB3-98A5-4145-9D0E-DE2CA68A7C90} = {78E5019C-66C8-4F27-BA92-F5FB60B699B2}
		{57DEB2C9-E48B-4D0F-B031-1CA9955DD0EF} = {A3765169-5ADD-4807-9455-E24F3702CCB5}
		{14D1E420-8229-4BD8-9AB9-6D9EEECBAB76} = {A3765169-5ADD-4807-9455-E24F3702CCB5}
		{2E2B2A5D-F5FD-4B78-B7B1-BE089584075D} = {B90DC3A8-FC37-4162-9714-7460BF71F606}
		{616687E2-19C1-44ED-B245-121BFA49D413} = {B90DC3A8-FC37-4162-9714-7460BF71F606}
		{466B979A-529F-477C-9BC3-B9B03EB67A3E} = {18C44F9A-9533-48CE-9161-823B458141BB}
		{67BC2B32-BDA6-4FC7-B04A-8DA2E7B97A1E} = {78E5019C-66C8-4F27-BA92-F5FB60B699B2}
	EndGlobalSection
	GlobalSection(ExtensibilityGlobals) = postSolution
		SolutionGuid = {61F7FB11-1E47-470C-91E2-47F8143E1572}
	EndGlobalSection
EndGlobal
